
Microsoft Visual Studio Solution File, Format Version 12.00
# Visual Studio 2017
Project("{FAE04EC0-301F-11D3-BF4B-00C04F79EFBC}") = "Infection", "Infection.csproj", "{9509F38C-66E5-918D-6101-D49B9DD872F7}"
EndProject
Global
	GlobalSection(SolutionConfigurationPlatforms) = preSolution
		Debug|Any CPU = Debug|Any CPU
		Release|Any CPU = Release|Any CPU
	EndGlobalSection
	GlobalSection(ProjectConfigurationPlatforms) = postSolution
		{9509F38C-66E5-918D-6101-D49B9DD872F7}.Debug|Any CPU.ActiveCfg = Debug|Any CPU
		{9509F38C-66E5-918D-6101-D49B9DD872F7}.Debug|Any CPU.Build.0 = Debug|Any CPU
		{9509F38C-66E5-918D-6101-D49B9DD872F7}.Release|Any CPU.ActiveCfg = Release|Any CPU
		{9509F38C-66E5-918D-6101-D49B9DD872F7}.Release|Any CPU.Build.0 = Release|Any CPU
	EndGlobalSection
	GlobalSection(SolutionProperties) = preSolution
		HideSolutionNode = FALSE
	EndGlobalSection
EndGlobal
